{
  "name": "miniprogram-ts-quickstart",
  "version": "1.0.0",
  "lockfileVersion": 1,
  "requires": true,
  "dependencies": {
    "@sanqi377/qui": {
      "version": "1.1.4",
      "resolved": "https://registry.npmjs.org/@sanqi377/qui/-/qui-1.1.4.tgz",
      "integrity": "sha512-TtJAAa1Fb0Zr+Uim3jKaZDPGTEHrSb0uVAxVCVCpNpWRGQTDfdvIyG0RMD9Nix5H7nWPKw3JSPuGpwbQ4TaNPQ=="
    },
    "miniprogram-api-typings": {
      "version": "3.4.3",
      "resolved": "https://registry.npmjs.org/miniprogram-api-typings/-/miniprogram-api-typings-3.4.3.tgz",
      "integrity": "sha512-wdBZG2IImFjkTFv66r225455J+//gn4c7Ja99aC3mVV0AqTRl45FwAFA7ur9KZd2j+ORGtyK1ldBT49rXpVE2w==",
      "dev": true
    },
    "typescript": {
      "version": "3.9.10",
      "resolved": "https://registry.nlark.com/typescript/download/typescript-3.9.10.tgz?cache=0&sync_timestamp=1629530349115&other_urls=https%3A%2F%2Fregistry.nlark.com%2Ftypescript%2Fdownload%2Ftypescript-3.9.10.tgz",
      "integrity": "sha1-cPORCselHta+952ngAaQsZv3eLg=",
      "dev": true
    }
  }
}
