{
  "name": "miniprogram-ts-quickstart",
  "version": "1.0.0",
  "lockfileVersion": 1,
  "requires": true,
  "dependencies": {
    "goeasy": {
      "version": "2.1.11",
      "resolved": "https://registry.npmjs.org/goeasy/-/goeasy-2.1.11.tgz",
      "integrity": "sha512-RqGROdapl5O5EKV9lE8UQ9cXz1SDR/1MAQSyPjFpCtcT8GTwy8524dm7LQcIpxxa4btvMeKz/DTVrlz+0s2ddA=="
    },
    "miniprogram-api-typings": {
      "version": "3.4.2",
      "resolved": "https://registry.nlark.com/miniprogram-api-typings/download/miniprogram-api-typings-3.4.2.tgz",
      "integrity": "sha1-YlRgxL3kpMYBYswE3AVjbKtkh7Q=",
      "dev": true
    },
    "typescript": {
      "version": "3.9.10",
      "resolved": "https://registry.nlark.com/typescript/download/typescript-3.9.10.tgz?cache=0&sync_timestamp=1629530349115&other_urls=https%3A%2F%2Fregistry.nlark.com%2Ftypescript%2Fdownload%2Ftypescript-3.9.10.tgz",
      "integrity": "sha1-cPORCselHta+952ngAaQsZv3eLg=",
      "dev": true
    }
  }
}
